# THIS IS AN AUTOGENERATED FILE. DO NOT EDIT THIS FILE DIRECTLY.
# yarn lockfile v1


"@datadog/browser-core@6.25.1":
  version "6.25.1"
  resolved "https://registry.yarnpkg.com/@datadog/browser-core/-/browser-core-6.25.1.tgz#61c1a8f56077ccb5299b96781393109b50af7308"
  integrity sha512-Mir/4g/EjtknQaP4QIOFNWwd6rnjvmw5SJKaFNUAQ94d59RKsbAy8hu2sfMSOaQ5TmHjf/6Qmrd0LfRK1FTt+Q==

"@datadog/browser-rum-core@6.25.1":
  version "6.25.1"
  resolved "https://registry.yarnpkg.com/@datadog/browser-rum-core/-/browser-rum-core-6.25.1.tgz#ba5835c195ab34faba7d73deeee234ab281e6111"
  integrity sha512-xt867A7cZTnO2DvSKUD7QrnMGfS8rXm777x//uq6PbliuPa2+/B23OhTot14riUWV2kXiJ+dzQC08Ibj9i0Xwg==
  dependencies:
    "@datadog/browser-core" "6.25.1"

"@datadog/browser-rum@^6.25.1":
  version "6.25.1"
  resolved "https://registry.yarnpkg.com/@datadog/browser-rum/-/browser-rum-6.25.1.tgz#5c63dd3788901510c5f944d4039630582c6ef3a7"
  integrity sha512-8yx8++wSZZ0RkrTT2VzF9V639veGvnStnrZRsVS2kXWht4ZLQ7fxk3RXIGEUB9fHC4B0XIn9U3uod/Z+qCrSQw==
  dependencies:
    "@datadog/browser-core" "6.25.1"
    "@datadog/browser-rum-core" "6.25.1"

"@types/node@^25.0.3":
  version "25.0.3"
  resolved "https://registry.yarnpkg.com/@types/node/-/node-25.0.3.tgz#79b9ac8318f373fbfaaf6e2784893efa9701f269"
  integrity sha512-W609buLVRVmeW693xKfzHeIV6nJGGz98uCPfeXI1ELMLXVeKYZ9m15fAMSaUPBHYLGFsVRcMmSCksQOrZV9BYA==
  dependencies:
    undici-types "~7.16.0"

"@types/react-dom@^19.2.3":
  version "19.2.3"
  resolved "https://registry.yarnpkg.com/@types/react-dom/-/react-dom-19.2.3.tgz#c1e305d15a52a3e508d54dca770d202cb63abf2c"
  integrity sha512-jp2L/eY6fn+KgVVQAOqYItbF0VY/YApe5Mz2F0aykSO8gx31bYCZyvSeYxCHKvzHG5eZjc+zyaS5BrBWya2+kQ==

"@types/react@^19.2.7":
  version "19.2.7"
  resolved "https://registry.yarnpkg.com/@types/react/-/react-19.2.7.tgz#84e62c0f23e8e4e5ac2cadcea1ffeacccae7f62f"
  integrity sha512-MWtvHrGZLFttgeEj28VXHxpmwYbor/ATPYbBfSFZEIRK0ecCFLl2Qo55z52Hss+UV9CRN7trSeq1zbgx7YDWWg==
  dependencies:
    csstype "^3.2.2"

csstype@^3.2.2:
  version "3.2.3"
  resolved "https://registry.yarnpkg.com/csstype/-/csstype-3.2.3.tgz#ec48c0f3e993e50648c86da559e2610995cf989a"
  integrity sha512-z1HGKcYy2xA8AGQfwrn0PAy+PB7X/GSj3UVJW9qKyn43xWa+gl5nXmU4qqLMRzWVLFC8KusUX8T/0kCiOYpAIQ==

react-dom@^19.2.3:
  version "19.2.3"
  resolved "https://registry.yarnpkg.com/react-dom/-/react-dom-19.2.3.tgz#f0b61d7e5c4a86773889fcc1853af3ed5f215b17"
  integrity sha512-yELu4WmLPw5Mr/lmeEpox5rw3RETacE++JgHqQzd2dg+YbJuat3jH4ingc+WPZhxaoFzdv9y33G+F7Nl5O0GBg==
  dependencies:
    scheduler "^0.27.0"

react@^19.2.3:
  version "19.2.3"
  resolved "https://registry.yarnpkg.com/react/-/react-19.2.3.tgz#d83e5e8e7a258cf6b4fe28640515f99b87cd19b8"
  integrity sha512-Ku/hhYbVjOQnXDZFv2+RibmLFGwFdeeKHFcOTlrt7xplBnya5OGn/hIRDsqDiSUcfORsDC7MPxwork8jBwsIWA==

scheduler@^0.27.0:
  version "0.27.0"
  resolved "https://registry.yarnpkg.com/scheduler/-/scheduler-0.27.0.tgz#0c4ef82d67d1e5c1e359e8fc76d3a87f045fe5bd"
  integrity sha512-eNv+WrVbKu1f3vbYJT/xtiF5syA5HPIMtf9IgY/nKg0sWqzAUEvqY/xm7OcZc/qafLx/iO9FgOmeSAp4v5ti/Q==

undici-types@~7.16.0:
  version "7.16.0"
  resolved "https://registry.yarnpkg.com/undici-types/-/undici-types-7.16.0.tgz#ffccdff36aea4884cbfce9a750a0580224f58a46"
  integrity sha512-Zz+aZWSj8LE6zoxD+xrjh4VfkIG8Ya6LvYkZqtUQGJPZjYl53ypCaUwWqo7eI0x66KBGeRo+mlBEkMSeSZ38Nw==
